
Microsoft Visual Studio Solution File, Format Version 12.00
# Visual Studio 15
VisualStudioVersion = 15.0.28307.421
MinimumVisualStudioVersion = 10.0.40219.1
Project("{FAE04EC0-301F-11D3-BF4B-00C04F79EFBC}") = "ConsoleApp", "ConsoleApp\ConsoleApp.csproj", "{D5814BA9-1845-40BB-8573-1232CCAEC7C1}"
EndProject
Project("{FAE04EC0-301F-11D3-BF4B-00C04F79EFBC}") = "ConsoleApp.Test", "ConsoleApp.Test\ConsoleApp.Test.csproj", "{B5895156-3E64-469C-A684-67A7D2649DF4}"
EndProject
Global
	GlobalSection(SolutionConfigurationPlatforms) = preSolution
		Debug|Any CPU = Debug|Any CPU
		Release|Any CPU = Release|Any CPU
	EndGlobalSection
	GlobalSection(ProjectConfigurationPlatforms) = postSolution
		{D5814BA9-1845-40BB-8573-1232CCAEC7C1}.Debug|Any CPU.ActiveCfg = Debug|Any CPU
		{D5814BA9-1845-40BB-8573-1232CCAEC7C1}.Debug|Any CPU.Build.0 = Debug|Any CPU
		{D5814BA9-1845-40BB-8573-1232CCAEC7C1}.Release|Any CPU.ActiveCfg = Release|Any CPU
		{D5814BA9-1845-40BB-8573-1232CCAEC7C1}.Release|Any CPU.Build.0 = Release|Any CPU
		{B5895156-3E64-469C-A684-67A7D2649DF4}.Debug|Any CPU.ActiveCfg = Debug|Any CPU
		{B5895156-3E64-469C-A684-67A7D2649DF4}.Debug|Any CPU.Build.0 = Debug|Any CPU
		{B5895156-3E64-469C-A684-67A7D2649DF4}.Release|Any CPU.ActiveCfg = Release|Any CPU
		{B5895156-3E64-469C-A684-67A7D2649DF4}.Release|Any CPU.Build.0 = Release|Any CPU
	EndGlobalSection
	GlobalSection(SolutionProperties) = preSolution
		HideSolutionNode = FALSE
	EndGlobalSection
	GlobalSection(ExtensibilityGlobals) = postSolution
		SolutionGuid = {9D9BF84C-F00A-4AF9-BF2D-5ED78ED37292}
	EndGlobalSection
EndGlobal
