
Microsoft Visual Studio Solution File, Format Version 12.00
# Visual Studio 15
VisualStudioVersion = 15.0.28307.421
MinimumVisualStudioVersion = 10.0.40219.1
Project("{FAE04EC0-301F-11D3-BF4B-00C04F79EFBC}") = "UnitTestProject", "UnitTestProject\UnitTestProject.csproj", "{0E185E9A-F01D-40AB-BCD7-A4F912769763}"
EndProject
Global
	GlobalSection(SolutionConfigurationPlatforms) = preSolution
		Debug|Any CPU = Debug|Any CPU
		Release|Any CPU = Release|Any CPU
	EndGlobalSection
	GlobalSection(ProjectConfigurationPlatforms) = postSolution
		{0E185E9A-F01D-40AB-BCD7-A4F912769763}.Debug|Any CPU.ActiveCfg = Debug|Any CPU
		{0E185E9A-F01D-40AB-BCD7-A4F912769763}.Debug|Any CPU.Build.0 = Debug|Any CPU
		{0E185E9A-F01D-40AB-BCD7-A4F912769763}.Release|Any CPU.ActiveCfg = Release|Any CPU
		{0E185E9A-F01D-40AB-BCD7-A4F912769763}.Release|Any CPU.Build.0 = Release|Any CPU
	EndGlobalSection
	GlobalSection(SolutionProperties) = preSolution
		HideSolutionNode = FALSE
	EndGlobalSection
	GlobalSection(ExtensibilityGlobals) = postSolution
		SolutionGuid = {9D9BF84C-F00A-4AF9-BF2D-5ED78ED37292}
	EndGlobalSection
EndGlobal
